
Microsoft Visual Studio Solution File, Format Version 12.00
# Visual Studio 15
VisualStudioVersion = 15.0.28307.489
MinimumVisualStudioVersion = 10.0.40219.1
Project("{FAE04EC0-301F-11D3-BF4B-00C04F79EFBC}") = "LabNumber2", "LabNumber2\LabNumber2.csproj", "{721AB86E-3CD6-4DD9-8554-58ABA61FA7D4}"
EndProject
Global
	GlobalSection(SolutionConfigurationPlatforms) = preSolution
		Debug|Any CPU = Debug|Any CPU
		Release|Any CPU = Release|Any CPU
	EndGlobalSection
	GlobalSection(ProjectConfigurationPlatforms) = postSolution
		{721AB86E-3CD6-4DD9-8554-58ABA61FA7D4}.Debug|Any CPU.ActiveCfg = Debug|Any CPU
		{721AB86E-3CD6-4DD9-8554-58ABA61FA7D4}.Debug|Any CPU.Build.0 = Debug|Any CPU
		{721AB86E-3CD6-4DD9-8554-58ABA61FA7D4}.Release|Any CPU.ActiveCfg = Release|Any CPU
		{721AB86E-3CD6-4DD9-8554-58ABA61FA7D4}.Release|Any CPU.Build.0 = Release|Any CPU
	EndGlobalSection
	GlobalSection(SolutionProperties) = preSolution
		HideSolutionNode = FALSE
	EndGlobalSection
	GlobalSection(ExtensibilityGlobals) = postSolution
		SolutionGuid = {3116E42A-2529-44C0-9037-C4F93224D23C}
	EndGlobalSection
EndGlobal
